// !$*UTF8*$!
{
	archiveVersion = 1;
	classes = {
	};
	objectVersion = 46;
	objects = {

/* Begin PBXBuildFile section */
		4B2149AA1B89F20900C354F8 /* AppDelegate.swift in Sources */ = {isa = PBXBuildFile; fileRef = 4B2149A91B89F20900C354F8 /* AppDelegate.swift */; };
		4B2149AF1B89F20900C354F8 /* Main.storyboard in Resources */ = {isa = PBXBuildFile; fileRef = 4B2149AD1B89F20900C354F8 /* Main.storyboard */; };
		4B2149C01B89F20900C354F8 /* KRReversibleViewDEMOTests.swift in Sources */ = {isa = PBXBuildFile; fileRef = 4B2149BF1B89F20900C354F8 /* KRReversibleViewDEMOTests.swift */; };
		4B2149CB1B89F25D00C354F8 /* KRReversibleView.swift in Sources */ = {isa = PBXBuildFile; fileRef = 4B2149CA1B89F25D00C354F8 /* KRReversibleView.swift */; };
		4B4127A41B9141E500AF5F18 /* ViewController.swift in Sources */ = {isa = PBXBuildFile; fileRef = 4B4127A31B9141E500AF5F18 /* ViewController.swift */; };
/* End PBXBuildFile section */

/* Begin PBXContainerItemProxy section */
		4B2149BA1B89F20900C354F8 /* PBXContainerItemProxy */ = {
			isa = PBXContainerItemProxy;
			containerPortal = 4B21499C1B89F20900C354F8 /* Project object */;
			proxyType = 1;
			remoteGlobalIDString = 4B2149A31B89F20900C354F8;
			remoteInfo = KRReversibleView;
		};
/* End PBXContainerItemProxy section */

/* Begin PBXFileReference section */
		4B2149A41B89F20900C354F8 /* KRReversibleViewDEMO.app */ = {isa = PBXFileReference; explicitFileType = wrapper.application; includeInIndex = 0; path = KRReversibleViewDEMO.app; sourceTree = BUILT_PRODUCTS_DIR; };
		4B2149A81B89F20900C354F8 /* Info.plist */ = {isa = PBXFileReference; lastKnownFileType = text.plist.xml; path = Info.plist; sourceTree = "<group>"; };
		4B2149A91B89F20900C354F8 /* AppDelegate.swift */ = {isa = PBXFileReference; lastKnownFileType = sourcecode.swift; path = AppDelegate.swift; sourceTree = "<group>"; };
		4B2149AE1B89F20900C354F8 /* Base */ = {isa = PBXFileReference; lastKnownFileType = file.storyboard; name = Base; path = Base.lproj/Main.storyboard; sourceTree = "<group>"; };
		4B2149B91B89F20900C354F8 /* KRReversibleViewDEMOTests.xctest */ = {isa = PBXFileReference; explicitFileType = wrapper.cfbundle; includeInIndex = 0; path = KRReversibleViewDEMOTests.xctest; sourceTree = BUILT_PRODUCTS_DIR; };
		4B2149BE1B89F20900C354F8 /* Info.plist */ = {isa = PBXFileReference; lastKnownFileType = text.plist.xml; path = Info.plist; sourceTree = "<group>"; };
		4B2149BF1B89F20900C354F8 /* KRReversibleViewDEMOTests.swift */ = {isa = PBXFileReference; lastKnownFileType = sourcecode.swift; path = KRReversibleViewDEMOTests.swift; sourceTree = "<group>"; };
		4B2149CA1B89F25D00C354F8 /* KRReversibleView.swift */ = {isa = PBXFileReference; fileEncoding = 4; lastKnownFileType = sourcecode.swift; path = KRReversibleView.swift; sourceTree = "<group>"; };
		4B4127A31B9141E500AF5F18 /* ViewController.swift */ = {isa = PBXFileReference; fileEncoding = 4; lastKnownFileType = sourcecode.swift; path = ViewController.swift; sourceTree = "<group>"; };
/* End PBXFileReference section */

/* Begin PBXFrameworksBuildPhase section */
		4B2149A11B89F20900C354F8 /* Frameworks */ = {
			isa = PBXFrameworksBuildPhase;
			buildActionMask = 2147483647;
			files = (
			);
			runOnlyForDeploymentPostprocessing = 0;
		};
		4B2149B61B89F20900C354F8 /* Frameworks */ = {
			isa = PBXFrameworksBuildPhase;
			buildActionMask = 2147483647;
			files = (
			);
			runOnlyForDeploymentPostprocessing = 0;
		};
/* End PBXFrameworksBuildPhase section */

/* Begin PBXGroup section */
		4B21499B1B89F20900C354F8 = {
			isa = PBXGroup;
			children = (
				4B2149A61B89F20900C354F8 /* KRReversibleViewDEMO */,
				4B2149BC1B89F20900C354F8 /* KRReversibleViewDEMOTests */,
				4B2149A51B89F20900C354F8 /* Products */,
			);
			sourceTree = "<group>";
		};
		4B2149A51B89F20900C354F8 /* Products */ = {
			isa = PBXGroup;
			children = (
				4B2149A41B89F20900C354F8 /* KRReversibleViewDEMO.app */,
				4B2149B91B89F20900C354F8 /* KRReversibleViewDEMOTests.xctest */,
			);
			name = Products;
			sourceTree = "<group>";
		};
		4B2149A61B89F20900C354F8 /* KRReversibleViewDEMO */ = {
			isa = PBXGroup;
			children = (
				4B2149C91B89F22900C354F8 /* KRReversibleView */,
				4B2149A91B89F20900C354F8 /* AppDelegate.swift */,
				4B4127A31B9141E500AF5F18 /* ViewController.swift */,
				4B2149AD1B89F20900C354F8 /* Main.storyboard */,
				4B2149A71B89F20900C354F8 /* Supporting Files */,
			);
			path = KRReversibleViewDEMO;
			sourceTree = "<group>";
		};
		4B2149A71B89F20900C354F8 /* Supporting Files */ = {
			isa = PBXGroup;
			children = (
				4B2149A81B89F20900C354F8 /* Info.plist */,
			);
			name = "Supporting Files";
			sourceTree = "<group>";
		};
		4B2149BC1B89F20900C354F8 /* KRReversibleViewDEMOTests */ = {
			isa = PBXGroup;
			children = (
				4B2149BF1B89F20900C354F8 /* KRReversibleViewDEMOTests.swift */,
				4B2149BD1B89F20900C354F8 /* Supporting Files */,
			);
			path = KRReversibleViewDEMOTests;
			sourceTree = "<group>";
		};
		4B2149BD1B89F20900C354F8 /* Supporting Files */ = {
			isa = PBXGroup;
			children = (
				4B2149BE1B89F20900C354F8 /* Info.plist */,
			);
			name = "Supporting Files";
			sourceTree = "<group>";
		};
		4B2149C91B89F22900C354F8 /* KRReversibleView */ = {
			isa = PBXGroup;
			children = (
				4B2149CA1B89F25D00C354F8 /* KRReversibleView.swift */,
			);
			name = KRReversibleView;
			path = ../../KRReversibleView;
			sourceTree = "<group>";
		};
/* End PBXGroup section */

/* Begin PBXNativeTarget section */
		4B2149A31B89F20900C354F8 /* KRReversibleViewDEMO */ = {
			isa = PBXNativeTarget;
			buildConfigurationList = 4B2149C31B89F20900C354F8 /* Build configuration list for PBXNativeTarget "KRReversibleViewDEMO" */;
			buildPhases = (
				4B2149A01B89F20900C354F8 /* Sources */,
				4B2149A11B89F20900C354F8 /* Frameworks */,
				4B2149A21B89F20900C354F8 /* Resources */,
			);
			buildRules = (
			);
			dependencies = (
			);
			name = KRReversibleViewDEMO;
			productName = KRReversibleView;
			productReference = 4B2149A41B89F20900C354F8 /* KRReversibleViewDEMO.app */;
			productType = "com.apple.product-type.application";
		};
		4B2149B81B89F20900C354F8 /* KRReversibleViewDEMOTests */ = {
			isa = PBXNativeTarget;
			buildConfigurationList = 4B2149C61B89F20900C354F8 /* Build configuration list for PBXNativeTarget "KRReversibleViewDEMOTests" */;
			buildPhases = (
				4B2149B51B89F20900C354F8 /* Sources */,
				4B2149B61B89F20900C354F8 /* Frameworks */,
				4B2149B71B89F20900C354F8 /* Resources */,
			);
			buildRules = (
			);
			dependencies = (
				4B2149BB1B89F20900C354F8 /* PBXTargetDependency */,
			);
			name = KRReversibleViewDEMOTests;
			productName = KRReversibleViewTests;
			productReference = 4B2149B91B89F20900C354F8 /* KRReversibleViewDEMOTests.xctest */;
			productType = "com.apple.product-type.bundle.unit-test";
		};
/* End PBXNativeTarget section */

/* Begin PBXProject section */
		4B21499C1B89F20900C354F8 /* Project object */ = {
			isa = PBXProject;
			attributes = {
				LastSwiftMigration = 0700;
				LastSwiftUpdateCheck = 0700;
				LastUpgradeCheck = 0700;
				ORGANIZATIONNAME = "Ryunosuke Kirikihira";
				TargetAttributes = {
					4B2149A31B89F20900C354F8 = {
						CreatedOnToolsVersion = 6.4;
					};
					4B2149B81B89F20900C354F8 = {
						CreatedOnToolsVersion = 6.4;
						TestTargetID = 4B2149A31B89F20900C354F8;
					};
				};
			};
			buildConfigurationList = 4B21499F1B89F20900C354F8 /* Build configuration list for PBXProject "KRReversibleViewDEMO" */;
			compatibilityVersion = "Xcode 3.2";
			developmentRegion = English;
			hasScannedForEncodings = 0;
			knownRegions = (
				en,
				Base,
			);
			mainGroup = 4B21499B1B89F20900C354F8;
			productRefGroup = 4B2149A51B89F20900C354F8 /* Products */;
			projectDirPath = "";
			projectRoot = "";
			targets = (
				4B2149A31B89F20900C354F8 /* KRReversibleViewDEMO */,
				4B2149B81B89F20900C354F8 /* KRReversibleViewDEMOTests */,
			);
		};
/* End PBXProject section */

/* Begin PBXResourcesBuildPhase section */
		4B2149A21B89F20900C354F8 /* Resources */ = {
			isa = PBXResourcesBuildPhase;
			buildActionMask = 2147483647;
			files = (
				4B2149AF1B89F20900C354F8 /* Main.storyboard in Resources */,
			);
			runOnlyForDeploymentPostprocessing = 0;
		};
		4B2149B71B89F20900C354F8 /* Resources */ = {
			isa = PBXResourcesBuildPhase;
			buildActionMask = 2147483647;
			files = (
			);
			runOnlyForDeploymentPostprocessing = 0;
		};
/* End PBXResourcesBuildPhase section */

/* Begin PBXSourcesBuildPhase section */
		4B2149A01B89F20900C354F8 /* Sources */ = {
			isa = PBXSourcesBuildPhase;
			buildActionMask = 2147483647;
			files = (
				4B2149AA1B89F20900C354F8 /* AppDelegate.swift in Sources */,
				4B2149CB1B89F25D00C354F8 /* KRReversibleView.swift in Sources */,
				4B4127A41B9141E500AF5F18 /* ViewController.swift in Sources */,
			);
			runOnlyForDeploymentPostprocessing = 0;
		};
		4B2149B51B89F20900C354F8 /* Sources */ = {
			isa = PBXSourcesBuildPhase;
			buildActionMask = 2147483647;
			files = (
				4B2149C01B89F20900C354F8 /* KRReversibleViewDEMOTests.swift in Sources */,
			);
			runOnlyForDeploymentPostprocessing = 0;
		};
/* End PBXSourcesBuildPhase section */

/* Begin PBXTargetDependency section */
		4B2149BB1B89F20900C354F8 /* PBXTargetDependency */ = {
			isa = PBXTargetDependency;
			target = 4B2149A31B89F20900C354F8 /* KRReversibleViewDEMO */;
			targetProxy = 4B2149BA1B89F20900C354F8 /* PBXContainerItemProxy */;
		};
/* End PBXTargetDependency section */

/* Begin PBXVariantGroup section */
		4B2149AD1B89F20900C354F8 /* Main.storyboard */ = {
			isa = PBXVariantGroup;
			children = (
				4B2149AE1B89F20900C354F8 /* Base */,
			);
			name = Main.storyboard;
			sourceTree = "<group>";
		};
/* End PBXVariantGroup section */

/* Begin XCBuildConfiguration section */
		4B2149C11B89F20900C354F8 /* Debug */ = {
			isa = XCBuildConfiguration;
			buildSettings = {
				ALWAYS_SEARCH_USER_PATHS = NO;
				CLANG_CXX_LANGUAGE_STANDARD = "gnu++0x";
				CLANG_CXX_LIBRARY = "libc++";
				CLANG_ENABLE_MODULES = YES;
				CLANG_ENABLE_OBJC_ARC = YES;
				CLANG_WARN_BOOL_CONVERSION = YES;
				CLANG_WARN_CONSTANT_CONVERSION = YES;
				CLANG_WARN_DIRECT_OBJC_ISA_USAGE = YES_ERROR;
				CLANG_WARN_EMPTY_BODY = YES;
				CLANG_WARN_ENUM_CONVERSION = YES;
				CLANG_WARN_INT_CONVERSION = YES;
				CLANG_WARN_OBJC_ROOT_CLASS = YES_ERROR;
				CLANG_WARN_UNREACHABLE_CODE = YES;
				CLANG_WARN__DUPLICATE_METHOD_MATCH = YES;
				"CODE_SIGN_IDENTITY[sdk=iphoneos*]" = "iPhone Developer";
				COPY_PHASE_STRIP = NO;
				DEBUG_INFORMATION_FORMAT = "dwarf-with-dsym";
				ENABLE_STRICT_OBJC_MSGSEND = YES;
				ENABLE_TESTABILITY = YES;
				GCC_C_LANGUAGE_STANDARD = gnu99;
				GCC_DYNAMIC_NO_PIC = NO;
				GCC_NO_COMMON_BLOCKS = YES;
				GCC_OPTIMIZATION_LEVEL = 0;
				GCC_PREPROCESSOR_DEFINITIONS = (
					"DEBUG=1",
					"$(inherited)",
				);
				GCC_SYMBOLS_PRIVATE_EXTERN = NO;
				GCC_WARN_64_TO_32_BIT_CONVERSION = YES;
				GCC_WARN_ABOUT_RETURN_TYPE = YES_ERROR;
				GCC_WARN_UNDECLARED_SELECTOR = YES;
				GCC_WARN_UNINITIALIZED_AUTOS = YES_AGGRESSIVE;
				GCC_WARN_UNUSED_FUNCTION = YES;
				GCC_WARN_UNUSED_VARIABLE = YES;
				IPHONEOS_DEPLOYMENT_TARGET = 8.0;
				MTL_ENABLE_DEBUG_INFO = YES;
				ONLY_ACTIVE_ARCH = YES;
				SDKROOT = iphoneos;
				SWIFT_OPTIMIZATION_LEVEL = "-Onone";
			};
			name = Debug;
		};
		4B2149C21B89F20900C354F8 /* Release */ = {
			isa = XCBuildConfiguration;
			buildSettings = {
				ALWAYS_SEARCH_USER_PATHS = NO;
				CLANG_CXX_LANGUAGE_STANDARD = "gnu++0x";
				CLANG_CXX_LIBRARY = "libc++";
				CLANG_ENABLE_MODULES = YES;
				CLANG_ENABLE_OBJC_ARC = YES;
				CLANG_WARN_BOOL_CONVERSION = YES;
				CLANG_WARN_CONSTANT_CONVERSION = YES;
				CLANG_WARN_DIRECT_OBJC_ISA_USAGE = YES_ERROR;
				CLANG_WARN_EMPTY_BODY = YES;
				CLANG_WARN_ENUM_CONVERSION = YES;
				CLANG_WARN_INT_CONVERSION = YES;
				CLANG_WARN_OBJC_ROOT_CLASS = YES_ERROR;
				CLANG_WARN_UNREACHABLE_CODE = YES;
				CLANG_WARN__DUPLICATE_METHOD_MATCH = YES;
				"CODE_SIGN_IDENTITY[sdk=iphoneos*]" = "iPhone Developer";
				COPY_PHASE_STRIP = NO;
				DEBUG_INFORMATION_FORMAT = "dwarf-with-dsym";
				ENABLE_NS_ASSERTIONS = NO;
				ENABLE_STRICT_OBJC_MSGSEND = YES;
				GCC_C_LANGUAGE_STANDARD = gnu99;
				GCC_NO_COMMON_BLOCKS = YES;
				GCC_WARN_64_TO_32_BIT_CONVERSION = YES;
				GCC_WARN_ABOUT_RETURN_TYPE = YES_ERROR;
				GCC_WARN_UNDECLARED_SELECTOR = YES;
				GCC_WARN_UNINITIALIZED_AUTOS = YES_AGGRESSIVE;
				GCC_WARN_UNUSED_FUNCTION = YES;
				GCC_WARN_UNUSED_VARIABLE = YES;
				IPHONEOS_DEPLOYMENT_TARGET = 8.0;
				MTL_ENABLE_DEBUG_INFO = NO;
				SDKROOT = iphoneos;
				VALIDATE_PRODUCT = YES;
			};
			name = Release;
		};
		4B2149C41B89F20900C354F8 /* Debug */ = {
			isa = XCBuildConfiguration;
			buildSettings = {
				CODE_SIGN_IDENTITY = "iPhone Developer";
				INFOPLIST_FILE = KRReversibleViewDEMO/Info.plist;
				IPHONEOS_DEPLOYMENT_TARGET = 8.0;
				LD_RUNPATH_SEARCH_PATHS = "$(inherited) @executable_path/Frameworks";
				PRODUCT_BUNDLE_IDENTIFIER = com.krimpedance.KRReversibleViewDEMO;
				PRODUCT_NAME = KRReversibleViewDEMO;
			};
			name = Debug;
		};
		4B2149C51B89F20900C354F8 /* Release */ = {
			isa = XCBuildConfiguration;
			buildSettings = {
				CODE_SIGN_IDENTITY = "iPhone Developer";
				INFOPLIST_FILE = KRReversibleViewDEMO/Info.plist;
				IPHONEOS_DEPLOYMENT_TARGET = 8.0;
				LD_RUNPATH_SEARCH_PATHS = "$(inherited) @executable_path/Frameworks";
				PRODUCT_BUNDLE_IDENTIFIER = com.krimpedance.KRReversibleViewDEMO;
				PRODUCT_NAME = KRReversibleViewDEMO;
			};
			name = Release;
		};
		4B2149C71B89F20900C354F8 /* Debug */ = {
			isa = XCBuildConfiguration;
			buildSettings = {
				BUNDLE_LOADER = "$(TEST_HOST)";
				FRAMEWORK_SEARCH_PATHS = (
					"$(SDKROOT)/Developer/Library/Frameworks",
					"$(inherited)",
				);
				GCC_PREPROCESSOR_DEFINITIONS = (
					"DEBUG=1",
					"$(inherited)",
				);
				INFOPLIST_FILE = KRReversibleViewDEMOTests/Info.plist;
				LD_RUNPATH_SEARCH_PATHS = "$(inherited) @executable_path/Frameworks @loader_path/Frameworks";
				PRODUCT_BUNDLE_IDENTIFIER = "com.gmail-krimpedance.$(PRODUCT_NAME:rfc1034identifier)";
				PRODUCT_NAME = KRReversibleViewDEMOTests;
			};
			name = Debug;
		};
		4B2149C81B89F20900C354F8 /* Release */ = {
			isa = XCBuildConfiguration;
			buildSettings = {
				BUNDLE_LOADER = "$(TEST_HOST)";
				FRAMEWORK_SEARCH_PATHS = (
					"$(SDKROOT)/Developer/Library/Frameworks",
					"$(inherited)",
				);
				INFOPLIST_FILE = KRReversibleViewDEMOTests/Info.plist;
				LD_RUNPATH_SEARCH_PATHS = "$(inherited) @executable_path/Frameworks @loader_path/Frameworks";
				PRODUCT_BUNDLE_IDENTIFIER = "com.gmail-krimpedance.$(PRODUCT_NAME:rfc1034identifier)";
				PRODUCT_NAME = KRReversibleViewDEMOTests;
				TEST_HOST = "";
			};
			name = Release;
		};
/* End XCBuildConfiguration section */

/* Begin XCConfigurationList section */
		4B21499F1B89F20900C354F8 /* Build configuration list for PBXProject "KRReversibleViewDEMO" */ = {
			isa = XCConfigurationList;
			buildConfigurations = (
				4B2149C11B89F20900C354F8 /* Debug */,
				4B2149C21B89F20900C354F8 /* Release */,
			);
			defaultConfigurationIsVisible = 0;
			defaultConfigurationName = Release;
		};
		4B2149C31B89F20900C354F8 /* Build configuration list for PBXNativeTarget "KRReversibleViewDEMO" */ = {
			isa = XCConfigurationList;
			buildConfigurations = (
				4B2149C41B89F20900C354F8 /* Debug */,
				4B2149C51B89F20900C354F8 /* Release */,
			);
			defaultConfigurationIsVisible = 0;
			defaultConfigurationName = Release;
		};
		4B2149C61B89F20900C354F8 /* Build configuration list for PBXNativeTarget "KRReversibleViewDEMOTests" */ = {
			isa = XCConfigurationList;
			buildConfigurations = (
				4B2149C71B89F20900C354F8 /* Debug */,
				4B2149C81B89F20900C354F8 /* Release */,
			);
			defaultConfigurationIsVisible = 0;
			defaultConfigurationName = Release;
		};
/* End XCConfigurationList section */
	};
	rootObject = 4B21499C1B89F20900C354F8 /* Project object */;
}
